
Microsoft Visual Studio Solution File, Format Version 12.00
# Visual Studio Version 16
VisualStudioVersion = 16.0.31605.320
MinimumVisualStudioVersion = 10.0.40219.1
Project("{FAE04EC0-301F-11D3-BF4B-00C04F79EFBC}") = "VirtualIDgenerator_MVC", "VirtualIDgenerator_MVC\VirtualIDgenerator_MVC.csproj", "{7995D8D4-D8D6-47BB-959F-3D8DD645DFEB}"
EndProject
Global
	GlobalSection(SolutionConfigurationPlatforms) = preSolution
		Debug|Any CPU = Debug|Any CPU
		Release|Any CPU = Release|Any CPU
	EndGlobalSection
	GlobalSection(ProjectConfigurationPlatforms) = postSolution
		{7995D8D4-D8D6-47BB-959F-3D8DD645DFEB}.Debug|Any CPU.ActiveCfg = Debug|Any CPU
		{7995D8D4-D8D6-47BB-959F-3D8DD645DFEB}.Debug|Any CPU.Build.0 = Debug|Any CPU
		{7995D8D4-D8D6-47BB-959F-3D8DD645DFEB}.Release|Any CPU.ActiveCfg = Release|Any CPU
		{7995D8D4-D8D6-47BB-959F-3D8DD645DFEB}.Release|Any CPU.Build.0 = Release|Any CPU
	EndGlobalSection
	GlobalSection(SolutionProperties) = preSolution
		HideSolutionNode = FALSE
	EndGlobalSection
	GlobalSection(ExtensibilityGlobals) = postSolution
		SolutionGuid = {F57C43F0-5FE1-4ECC-B923-98F03707CD81}
	EndGlobalSection
EndGlobal
